
Microsoft Visual Studio Solution File, Format Version 12.00
# Visual Studio Version 17
VisualStudioVersion = 17.4.33213.308
MinimumVisualStudioVersion = 10.0.40219.1
Project("{FAE04EC0-301F-11D3-BF4B-00C04F79EFBC}") = "DominoesApi", "DominoesApi\DominoesApi.csproj", "{565EC79D-DE87-4B2E-B43E-947C345640AD}"
EndProject
Global
	GlobalSection(SolutionConfigurationPlatforms) = preSolution
		Debug|Any CPU = Debug|Any CPU
		Release|Any CPU = Release|Any CPU
	EndGlobalSection
	GlobalSection(ProjectConfigurationPlatforms) = postSolution
		{565EC79D-DE87-4B2E-B43E-947C345640AD}.Debug|Any CPU.ActiveCfg = Debug|Any CPU
		{565EC79D-DE87-4B2E-B43E-947C345640AD}.Debug|Any CPU.Build.0 = Debug|Any CPU
		{565EC79D-DE87-4B2E-B43E-947C345640AD}.Release|Any CPU.ActiveCfg = Release|Any CPU
		{565EC79D-DE87-4B2E-B43E-947C345640AD}.Release|Any CPU.Build.0 = Release|Any CPU
	EndGlobalSection
	GlobalSection(SolutionProperties) = preSolution
		HideSolutionNode = FALSE
	EndGlobalSection
	GlobalSection(ExtensibilityGlobals) = postSolution
		SolutionGuid = {33AD2908-2E51-4398-B531-DADD4B8794CC}
	EndGlobalSection
EndGlobal
